// !$*UTF8*$!
{
	archiveVersion = 1;
	classes = {
	};
	objectVersion = 56;
	objects = {

/* Begin PBXBuildFile section */
		EAF7BE4F299C225500A9F9C1 /* AppDelegate.swift in Sources */ = {isa = PBXBuildFile; fileRef = EAF7BE4E299C225500A9F9C1 /* AppDelegate.swift */; };
		EAF7BE51299C225500A9F9C1 /* SceneDelegate.swift in Sources */ = {isa = PBXBuildFile; fileRef = EAF7BE50299C225500A9F9C1 /* SceneDelegate.swift */; };
		EAF7BE53299C225500A9F9C1 /* UsersViewController.swift in Sources */ = {isa = PBXBuildFile; fileRef = EAF7BE52299C225500A9F9C1 /* UsersViewController.swift */; };
		EAF7BE56299C225500A9F9C1 /* Main.storyboard in Resources */ = {isa = PBXBuildFile; fileRef = EAF7BE54299C225500A9F9C1 /* Main.storyboard */; };
		EAF7BE58299C225700A9F9C1 /* Assets.xcassets in Resources */ = {isa = PBXBuildFile; fileRef = EAF7BE57299C225700A9F9C1 /* Assets.xcassets */; };
		EAF7BE5B299C225700A9F9C1 /* LaunchScreen.storyboard in Resources */ = {isa = PBXBuildFile; fileRef = EAF7BE59299C225700A9F9C1 /* LaunchScreen.storyboard */; };
		EAF7BE66299C228B00A9F9C1 /* UsersViewModel.swift in Sources */ = {isa = PBXBuildFile; fileRef = EAF7BE65299C228B00A9F9C1 /* UsersViewModel.swift */; };
		EAF7BE68299C229200A9F9C1 /* UsersModel.swift in Sources */ = {isa = PBXBuildFile; fileRef = EAF7BE67299C229200A9F9C1 /* UsersModel.swift */; };
		EAF7BE7C299C23AF00A9F9C1 /* CombineDataSources in Frameworks */ = {isa = PBXBuildFile; productRef = EAF7BE7B299C23AF00A9F9C1 /* CombineDataSources */; };
		EAF7BE81299C263200A9F9C1 /* Alamofire in Frameworks */ = {isa = PBXBuildFile; productRef = EAF7BE80299C263200A9F9C1 /* Alamofire */; };
		EAF7BE87299C2DC900A9F9C1 /* UsersListUseCase.swift in Sources */ = {isa = PBXBuildFile; fileRef = EAF7BE86299C2DC900A9F9C1 /* UsersListUseCase.swift */; };
		EAF7BE89299C2DD300A9F9C1 /* FetchUsersList.swift in Sources */ = {isa = PBXBuildFile; fileRef = EAF7BE88299C2DD300A9F9C1 /* FetchUsersList.swift */; };
		EAF7BEAB299C50C000A9F9C1 /* RequestInterceptor.swift in Sources */ = {isa = PBXBuildFile; fileRef = EAF7BE9C299C50C000A9F9C1 /* RequestInterceptor.swift */; };
		EAF7BEAC299C50C000A9F9C1 /* EventsMonitor.swift in Sources */ = {isa = PBXBuildFile; fileRef = EAF7BE9D299C50C000A9F9C1 /* EventsMonitor.swift */; };
		EAF7BEAD299C50C000A9F9C1 /* ApiError.swift in Sources */ = {isa = PBXBuildFile; fileRef = EAF7BE9E299C50C000A9F9C1 /* ApiError.swift */; };
		EAF7BEAE299C50C000A9F9C1 /* ErrorCode.swift in Sources */ = {isa = PBXBuildFile; fileRef = EAF7BE9F299C50C000A9F9C1 /* ErrorCode.swift */; };
		EAF7BEAF299C50C000A9F9C1 /* RequestRouter.swift in Sources */ = {isa = PBXBuildFile; fileRef = EAF7BEA0299C50C000A9F9C1 /* RequestRouter.swift */; };
		EAF7BEB0299C50C000A9F9C1 /* NetworkingManger.swift in Sources */ = {isa = PBXBuildFile; fileRef = EAF7BEA1299C50C000A9F9C1 /* NetworkingManger.swift */; };
		EAF7BEB1299C50C000A9F9C1 /* NetworkReachability.swift in Sources */ = {isa = PBXBuildFile; fileRef = EAF7BEA2299C50C000A9F9C1 /* NetworkReachability.swift */; };
		EAF7BEB2299C50C000A9F9C1 /* AppCoordinator.swift in Sources */ = {isa = PBXBuildFile; fileRef = EAF7BEA5299C50C000A9F9C1 /* AppCoordinator.swift */; };
		EAF7BEB3299C50C000A9F9C1 /* Storyboarded.swift in Sources */ = {isa = PBXBuildFile; fileRef = EAF7BEA6299C50C000A9F9C1 /* Storyboarded.swift */; };
		EAF7BEB4299C50C000A9F9C1 /* Coordinator.swift in Sources */ = {isa = PBXBuildFile; fileRef = EAF7BEA7299C50C000A9F9C1 /* Coordinator.swift */; };
		EAF7BEB5299C50C000A9F9C1 /* CustomVC.swift in Sources */ = {isa = PBXBuildFile; fileRef = EAF7BEA9299C50C000A9F9C1 /* CustomVC.swift */; };
		EAF7BEB6299C50C000A9F9C1 /* CustomViewController.swift in Sources */ = {isa = PBXBuildFile; fileRef = EAF7BEAA299C50C000A9F9C1 /* CustomViewController.swift */; };
/* End PBXBuildFile section */

/* Begin PBXFileReference section */
		EAF7BE4B299C225500A9F9C1 /* CombineNetworkingLayer.app */ = {isa = PBXFileReference; explicitFileType = wrapper.application; includeInIndex = 0; path = CombineNetworkingLayer.app; sourceTree = BUILT_PRODUCTS_DIR; };
		EAF7BE4E299C225500A9F9C1 /* AppDelegate.swift */ = {isa = PBXFileReference; lastKnownFileType = sourcecode.swift; path = AppDelegate.swift; sourceTree = "<group>"; };
		EAF7BE50299C225500A9F9C1 /* SceneDelegate.swift */ = {isa = PBXFileReference; lastKnownFileType = sourcecode.swift; path = SceneDelegate.swift; sourceTree = "<group>"; };
		EAF7BE52299C225500A9F9C1 /* UsersViewController.swift */ = {isa = PBXFileReference; lastKnownFileType = sourcecode.swift; path = UsersViewController.swift; sourceTree = "<group>"; };
		EAF7BE55299C225500A9F9C1 /* Base */ = {isa = PBXFileReference; lastKnownFileType = file.storyboard; name = Base; path = Base.lproj/Main.storyboard; sourceTree = "<group>"; };
		EAF7BE57299C225700A9F9C1 /* Assets.xcassets */ = {isa = PBXFileReference; lastKnownFileType = folder.assetcatalog; path = Assets.xcassets; sourceTree = "<group>"; };
		EAF7BE5A299C225700A9F9C1 /* Base */ = {isa = PBXFileReference; lastKnownFileType = file.storyboard; name = Base; path = Base.lproj/LaunchScreen.storyboard; sourceTree = "<group>"; };
		EAF7BE5C299C225700A9F9C1 /* Info.plist */ = {isa = PBXFileReference; lastKnownFileType = text.plist.xml; path = Info.plist; sourceTree = "<group>"; };
		EAF7BE65299C228B00A9F9C1 /* UsersViewModel.swift */ = {isa = PBXFileReference; lastKnownFileType = sourcecode.swift; path = UsersViewModel.swift; sourceTree = "<group>"; };
		EAF7BE67299C229200A9F9C1 /* UsersModel.swift */ = {isa = PBXFileReference; lastKnownFileType = sourcecode.swift; path = UsersModel.swift; sourceTree = "<group>"; };
		EAF7BE86299C2DC900A9F9C1 /* UsersListUseCase.swift */ = {isa = PBXFileReference; lastKnownFileType = sourcecode.swift; path = UsersListUseCase.swift; sourceTree = "<group>"; };
		EAF7BE88299C2DD300A9F9C1 /* FetchUsersList.swift */ = {isa = PBXFileReference; lastKnownFileType = sourcecode.swift; path = FetchUsersList.swift; sourceTree = "<group>"; };
		EAF7BE9C299C50C000A9F9C1 /* RequestInterceptor.swift */ = {isa = PBXFileReference; fileEncoding = 4; lastKnownFileType = sourcecode.swift; path = RequestInterceptor.swift; sourceTree = "<group>"; };
		EAF7BE9D299C50C000A9F9C1 /* EventsMonitor.swift */ = {isa = PBXFileReference; fileEncoding = 4; lastKnownFileType = sourcecode.swift; path = EventsMonitor.swift; sourceTree = "<group>"; };
		EAF7BE9E299C50C000A9F9C1 /* ApiError.swift */ = {isa = PBXFileReference; fileEncoding = 4; lastKnownFileType = sourcecode.swift; path = ApiError.swift; sourceTree = "<group>"; };
		EAF7BE9F299C50C000A9F9C1 /* ErrorCode.swift */ = {isa = PBXFileReference; fileEncoding = 4; lastKnownFileType = sourcecode.swift; path = ErrorCode.swift; sourceTree = "<group>"; };
		EAF7BEA0299C50C000A9F9C1 /* RequestRouter.swift */ = {isa = PBXFileReference; fileEncoding = 4; lastKnownFileType = sourcecode.swift; path = RequestRouter.swift; sourceTree = "<group>"; };
		EAF7BEA1299C50C000A9F9C1 /* NetworkingManger.swift */ = {isa = PBXFileReference; fileEncoding = 4; lastKnownFileType = sourcecode.swift; path = NetworkingManger.swift; sourceTree = "<group>"; };
		EAF7BEA2299C50C000A9F9C1 /* NetworkReachability.swift */ = {isa = PBXFileReference; fileEncoding = 4; lastKnownFileType = sourcecode.swift; path = NetworkReachability.swift; sourceTree = "<group>"; };
		EAF7BEA5299C50C000A9F9C1 /* AppCoordinator.swift */ = {isa = PBXFileReference; fileEncoding = 4; lastKnownFileType = sourcecode.swift; path = AppCoordinator.swift; sourceTree = "<group>"; };
		EAF7BEA6299C50C000A9F9C1 /* Storyboarded.swift */ = {isa = PBXFileReference; fileEncoding = 4; lastKnownFileType = sourcecode.swift; path = Storyboarded.swift; sourceTree = "<group>"; };
		EAF7BEA7299C50C000A9F9C1 /* Coordinator.swift */ = {isa = PBXFileReference; fileEncoding = 4; lastKnownFileType = sourcecode.swift; path = Coordinator.swift; sourceTree = "<group>"; };
		EAF7BEA9299C50C000A9F9C1 /* CustomVC.swift */ = {isa = PBXFileReference; fileEncoding = 4; lastKnownFileType = sourcecode.swift; path = CustomVC.swift; sourceTree = "<group>"; };
		EAF7BEAA299C50C000A9F9C1 /* CustomViewController.swift */ = {isa = PBXFileReference; fileEncoding = 4; lastKnownFileType = sourcecode.swift; path = CustomViewController.swift; sourceTree = "<group>"; };
/* End PBXFileReference section */

/* Begin PBXFrameworksBuildPhase section */
		EAF7BE48299C225500A9F9C1 /* Frameworks */ = {
			isa = PBXFrameworksBuildPhase;
			buildActionMask = 2147483647;
			files = (
				EAF7BE81299C263200A9F9C1 /* Alamofire in Frameworks */,
				EAF7BE7C299C23AF00A9F9C1 /* CombineDataSources in Frameworks */,
			);
			runOnlyForDeploymentPostprocessing = 0;
		};
/* End PBXFrameworksBuildPhase section */

/* Begin PBXGroup section */
		EAF7BE42299C225500A9F9C1 = {
			isa = PBXGroup;
			children = (
				EAF7BE4D299C225500A9F9C1 /* CombineNetworkingLayer */,
				EAF7BE4C299C225500A9F9C1 /* Products */,
			);
			sourceTree = "<group>";
		};
		EAF7BE4C299C225500A9F9C1 /* Products */ = {
			isa = PBXGroup;
			children = (
				EAF7BE4B299C225500A9F9C1 /* CombineNetworkingLayer.app */,
			);
			name = Products;
			sourceTree = "<group>";
		};
		EAF7BE4D299C225500A9F9C1 /* CombineNetworkingLayer */ = {
			isa = PBXGroup;
			children = (
				EAF7BE9B299C50C000A9F9C1 /* NetworkingLayer */,
				EAF7BE62299C226000A9F9C1 /* AppDelegate */,
				EAF7BE64299C228100A9F9C1 /* Scenes */,
				EAF7BEA3299C50C000A9F9C1 /* Helper */,
				EAF7BE63299C227300A9F9C1 /* Storyboards */,
				EAF7BE57299C225700A9F9C1 /* Assets.xcassets */,
				EAF7BE5C299C225700A9F9C1 /* Info.plist */,
			);
			path = CombineNetworkingLayer;
			sourceTree = "<group>";
		};
		EAF7BE62299C226000A9F9C1 /* AppDelegate */ = {
			isa = PBXGroup;
			children = (
				EAF7BE4E299C225500A9F9C1 /* AppDelegate.swift */,
				EAF7BE50299C225500A9F9C1 /* SceneDelegate.swift */,
			);
			path = AppDelegate;
			sourceTree = "<group>";
		};
		EAF7BE63299C227300A9F9C1 /* Storyboards */ = {
			isa = PBXGroup;
			children = (
				EAF7BE54299C225500A9F9C1 /* Main.storyboard */,
				EAF7BE59299C225700A9F9C1 /* LaunchScreen.storyboard */,
			);
			path = Storyboards;
			sourceTree = "<group>";
		};
		EAF7BE64299C228100A9F9C1 /* Scenes */ = {
			isa = PBXGroup;
			children = (
				EAF7BE98299C3F9200A9F9C1 /* UsersListScene */,
			);
			path = Scenes;
			sourceTree = "<group>";
		};
		EAF7BE8A299C2DD700A9F9C1 /* UseCase */ = {
			isa = PBXGroup;
			children = (
				EAF7BE86299C2DC900A9F9C1 /* UsersListUseCase.swift */,
				EAF7BE88299C2DD300A9F9C1 /* FetchUsersList.swift */,
			);
			path = UseCase;
			sourceTree = "<group>";
		};
		EAF7BE8B299C2DDF00A9F9C1 /* Model */ = {
			isa = PBXGroup;
			children = (
				EAF7BE67299C229200A9F9C1 /* UsersModel.swift */,
			);
			path = Model;
			sourceTree = "<group>";
		};
		EAF7BE8C299C2DE900A9F9C1 /* ViewModel */ = {
			isa = PBXGroup;
			children = (
				EAF7BE65299C228B00A9F9C1 /* UsersViewModel.swift */,
			);
			path = ViewModel;
			sourceTree = "<group>";
		};
		EAF7BE8D299C2DF100A9F9C1 /* ViewController */ = {
			isa = PBXGroup;
			children = (
				EAF7BE52299C225500A9F9C1 /* UsersViewController.swift */,
			);
			path = ViewController;
			sourceTree = "<group>";
		};
		EAF7BE98299C3F9200A9F9C1 /* UsersListScene */ = {
			isa = PBXGroup;
			children = (
				EAF7BE8B299C2DDF00A9F9C1 /* Model */,
				EAF7BE8A299C2DD700A9F9C1 /* UseCase */,
				EAF7BE8C299C2DE900A9F9C1 /* ViewModel */,
				EAF7BE8D299C2DF100A9F9C1 /* ViewController */,
			);
			path = UsersListScene;
			sourceTree = "<group>";
		};
		EAF7BE9B299C50C000A9F9C1 /* NetworkingLayer */ = {
			isa = PBXGroup;
			children = (
				EAF7BE9C299C50C000A9F9C1 /* RequestInterceptor.swift */,
				EAF7BE9D299C50C000A9F9C1 /* EventsMonitor.swift */,
				EAF7BE9E299C50C000A9F9C1 /* ApiError.swift */,
				EAF7BE9F299C50C000A9F9C1 /* ErrorCode.swift */,
				EAF7BEA0299C50C000A9F9C1 /* RequestRouter.swift */,
				EAF7BEA1299C50C000A9F9C1 /* NetworkingManger.swift */,
				EAF7BEA2299C50C000A9F9C1 /* NetworkReachability.swift */,
			);
			path = NetworkingLayer;
			sourceTree = "<group>";
		};
		EAF7BEA3299C50C000A9F9C1 /* Helper */ = {
			isa = PBXGroup;
			children = (
				EAF7BEA4299C50C000A9F9C1 /* NavigationLayer */,
				EAF7BEA8299C50C000A9F9C1 /* CustomVCInitializer */,
			);
			path = Helper;
			sourceTree = "<group>";
		};
		EAF7BEA4299C50C000A9F9C1 /* NavigationLayer */ = {
			isa = PBXGroup;
			children = (
				EAF7BEA5299C50C000A9F9C1 /* AppCoordinator.swift */,
				EAF7BEA6299C50C000A9F9C1 /* Storyboarded.swift */,
				EAF7BEA7299C50C000A9F9C1 /* Coordinator.swift */,
			);
			path = NavigationLayer;
			sourceTree = "<group>";
		};
		EAF7BEA8299C50C000A9F9C1 /* CustomVCInitializer */ = {
			isa = PBXGroup;
			children = (
				EAF7BEA9299C50C000A9F9C1 /* CustomVC.swift */,
				EAF7BEAA299C50C000A9F9C1 /* CustomViewController.swift */,
			);
			path = CustomVCInitializer;
			sourceTree = "<group>";
		};
/* End PBXGroup section */

/* Begin PBXNativeTarget section */
		EAF7BE4A299C225500A9F9C1 /* CombineNetworkingLayer */ = {
			isa = PBXNativeTarget;
			buildConfigurationList = EAF7BE5F299C225700A9F9C1 /* Build configuration list for PBXNativeTarget "CombineNetworkingLayer" */;
			buildPhases = (
				EAF7BE47299C225500A9F9C1 /* Sources */,
				EAF7BE48299C225500A9F9C1 /* Frameworks */,
				EAF7BE49299C225500A9F9C1 /* Resources */,
			);
			buildRules = (
			);
			dependencies = (
			);
			name = CombineNetworkingLayer;
			packageProductDependencies = (
				EAF7BE7B299C23AF00A9F9C1 /* CombineDataSources */,
				EAF7BE80299C263200A9F9C1 /* Alamofire */,
			);
			productName = CombineNetworkingLayer;
			productReference = EAF7BE4B299C225500A9F9C1 /* CombineNetworkingLayer.app */;
			productType = "com.apple.product-type.application";
		};
/* End PBXNativeTarget section */

/* Begin PBXProject section */
		EAF7BE43299C225500A9F9C1 /* Project object */ = {
			isa = PBXProject;
			attributes = {
				BuildIndependentTargetsInParallel = 1;
				LastSwiftUpdateCheck = 1420;
				LastUpgradeCheck = 1420;
				TargetAttributes = {
					EAF7BE4A299C225500A9F9C1 = {
						CreatedOnToolsVersion = 14.2;
					};
				};
			};
			buildConfigurationList = EAF7BE46299C225500A9F9C1 /* Build configuration list for PBXProject "CombineNetworkingLayer" */;
			compatibilityVersion = "Xcode 14.0";
			developmentRegion = en;
			hasScannedForEncodings = 0;
			knownRegions = (
				en,
				Base,
			);
			mainGroup = EAF7BE42299C225500A9F9C1;
			packageReferences = (
				EAF7BE7A299C23AF00A9F9C1 /* XCRemoteSwiftPackageReference "CombineDataSources" */,
				EAF7BE7F299C263200A9F9C1 /* XCRemoteSwiftPackageReference "Alamofire" */,
			);
			productRefGroup = EAF7BE4C299C225500A9F9C1 /* Products */;
			projectDirPath = "";
			projectRoot = "";
			targets = (
				EAF7BE4A299C225500A9F9C1 /* CombineNetworkingLayer */,
			);
		};
/* End PBXProject section */

/* Begin PBXResourcesBuildPhase section */
		EAF7BE49299C225500A9F9C1 /* Resources */ = {
			isa = PBXResourcesBuildPhase;
			buildActionMask = 2147483647;
			files = (
				EAF7BE5B299C225700A9F9C1 /* LaunchScreen.storyboard in Resources */,
				EAF7BE58299C225700A9F9C1 /* Assets.xcassets in Resources */,
				EAF7BE56299C225500A9F9C1 /* Main.storyboard in Resources */,
			);
			runOnlyForDeploymentPostprocessing = 0;
		};
/* End PBXResourcesBuildPhase section */

/* Begin PBXSourcesBuildPhase section */
		EAF7BE47299C225500A9F9C1 /* Sources */ = {
			isa = PBXSourcesBuildPhase;
			buildActionMask = 2147483647;
			files = (
				EAF7BE68299C229200A9F9C1 /* UsersModel.swift in Sources */,
				EAF7BE53299C225500A9F9C1 /* UsersViewController.swift in Sources */,
				EAF7BE4F299C225500A9F9C1 /* AppDelegate.swift in Sources */,
				EAF7BEB5299C50C000A9F9C1 /* CustomVC.swift in Sources */,
				EAF7BEAD299C50C000A9F9C1 /* ApiError.swift in Sources */,
				EAF7BEB0299C50C000A9F9C1 /* NetworkingManger.swift in Sources */,
				EAF7BEAB299C50C000A9F9C1 /* RequestInterceptor.swift in Sources */,
				EAF7BEAC299C50C000A9F9C1 /* EventsMonitor.swift in Sources */,
				EAF7BE89299C2DD300A9F9C1 /* FetchUsersList.swift in Sources */,
				EAF7BEAE299C50C000A9F9C1 /* ErrorCode.swift in Sources */,
				EAF7BEB1299C50C000A9F9C1 /* NetworkReachability.swift in Sources */,
				EAF7BEB4299C50C000A9F9C1 /* Coordinator.swift in Sources */,
				EAF7BEB6299C50C000A9F9C1 /* CustomViewController.swift in Sources */,
				EAF7BEAF299C50C000A9F9C1 /* RequestRouter.swift in Sources */,
				EAF7BE87299C2DC900A9F9C1 /* UsersListUseCase.swift in Sources */,
				EAF7BEB2299C50C000A9F9C1 /* AppCoordinator.swift in Sources */,
				EAF7BE66299C228B00A9F9C1 /* UsersViewModel.swift in Sources */,
				EAF7BE51299C225500A9F9C1 /* SceneDelegate.swift in Sources */,
				EAF7BEB3299C50C000A9F9C1 /* Storyboarded.swift in Sources */,
			);
			runOnlyForDeploymentPostprocessing = 0;
		};
/* End PBXSourcesBuildPhase section */

/* Begin PBXVariantGroup section */
		EAF7BE54299C225500A9F9C1 /* Main.storyboard */ = {
			isa = PBXVariantGroup;
			children = (
				EAF7BE55299C225500A9F9C1 /* Base */,
			);
			name = Main.storyboard;
			sourceTree = "<group>";
		};
		EAF7BE59299C225700A9F9C1 /* LaunchScreen.storyboard */ = {
			isa = PBXVariantGroup;
			children = (
				EAF7BE5A299C225700A9F9C1 /* Base */,
			);
			name = LaunchScreen.storyboard;
			sourceTree = "<group>";
		};
/* End PBXVariantGroup section */

/* Begin XCBuildConfiguration section */
		EAF7BE5D299C225700A9F9C1 /* Debug */ = {
			isa = XCBuildConfiguration;
			buildSettings = {
				ALWAYS_SEARCH_USER_PATHS = NO;
				CLANG_ANALYZER_NONNULL = YES;
				CLANG_ANALYZER_NUMBER_OBJECT_CONVERSION = YES_AGGRESSIVE;
				CLANG_CXX_LANGUAGE_STANDARD = "gnu++20";
				CLANG_ENABLE_MODULES = YES;
				CLANG_ENABLE_OBJC_ARC = YES;
				CLANG_ENABLE_OBJC_WEAK = YES;
				CLANG_WARN_BLOCK_CAPTURE_AUTORELEASING = YES;
				CLANG_WARN_BOOL_CONVERSION = YES;
				CLANG_WARN_COMMA = YES;
				CLANG_WARN_CONSTANT_CONVERSION = YES;
				CLANG_WARN_DEPRECATED_OBJC_IMPLEMENTATIONS = YES;
				CLANG_WARN_DIRECT_OBJC_ISA_USAGE = YES_ERROR;
				CLANG_WARN_DOCUMENTATION_COMMENTS = YES;
				CLANG_WARN_EMPTY_BODY = YES;
				CLANG_WARN_ENUM_CONVERSION = YES;
				CLANG_WARN_INFINITE_RECURSION = YES;
				CLANG_WARN_INT_CONVERSION = YES;
				CLANG_WARN_NON_LITERAL_NULL_CONVERSION = YES;
				CLANG_WARN_OBJC_IMPLICIT_RETAIN_SELF = YES;
				CLANG_WARN_OBJC_LITERAL_CONVERSION = YES;
				CLANG_WARN_OBJC_ROOT_CLASS = YES_ERROR;
				CLANG_WARN_QUOTED_INCLUDE_IN_FRAMEWORK_HEADER = YES;
				CLANG_WARN_RANGE_LOOP_ANALYSIS = YES;
				CLANG_WARN_STRICT_PROTOTYPES = YES;
				CLANG_WARN_SUSPICIOUS_MOVE = YES;
				CLANG_WARN_UNGUARDED_AVAILABILITY = YES_AGGRESSIVE;
				CLANG_WARN_UNREACHABLE_CODE = YES;
				CLANG_WARN__DUPLICATE_METHOD_MATCH = YES;
				COPY_PHASE_STRIP = NO;
				DEBUG_INFORMATION_FORMAT = dwarf;
				ENABLE_STRICT_OBJC_MSGSEND = YES;
				ENABLE_TESTABILITY = YES;
				GCC_C_LANGUAGE_STANDARD = gnu11;
				GCC_DYNAMIC_NO_PIC = NO;
				GCC_NO_COMMON_BLOCKS = YES;
				GCC_OPTIMIZATION_LEVEL = 0;
				GCC_PREPROCESSOR_DEFINITIONS = (
					"DEBUG=1",
					"$(inherited)",
				);
				GCC_WARN_64_TO_32_BIT_CONVERSION = YES;
				GCC_WARN_ABOUT_RETURN_TYPE = YES_ERROR;
				GCC_WARN_UNDECLARED_SELECTOR = YES;
				GCC_WARN_UNINITIALIZED_AUTOS = YES_AGGRESSIVE;
				GCC_WARN_UNUSED_FUNCTION = YES;
				GCC_WARN_UNUSED_VARIABLE = YES;
				IPHONEOS_DEPLOYMENT_TARGET = 16.2;
				MTL_ENABLE_DEBUG_INFO = INCLUDE_SOURCE;
				MTL_FAST_MATH = YES;
				ONLY_ACTIVE_ARCH = YES;
				SDKROOT = iphoneos;
				SWIFT_ACTIVE_COMPILATION_CONDITIONS = DEBUG;
				SWIFT_OPTIMIZATION_LEVEL = "-Onone";
			};
			name = Debug;
		};
		EAF7BE5E299C225700A9F9C1 /* Release */ = {
			isa = XCBuildConfiguration;
			buildSettings = {
				ALWAYS_SEARCH_USER_PATHS = NO;
				CLANG_ANALYZER_NONNULL = YES;
				CLANG_ANALYZER_NUMBER_OBJECT_CONVERSION = YES_AGGRESSIVE;
				CLANG_CXX_LANGUAGE_STANDARD = "gnu++20";
				CLANG_ENABLE_MODULES = YES;
				CLANG_ENABLE_OBJC_ARC = YES;
				CLANG_ENABLE_OBJC_WEAK = YES;
				CLANG_WARN_BLOCK_CAPTURE_AUTORELEASING = YES;
				CLANG_WARN_BOOL_CONVERSION = YES;
				CLANG_WARN_COMMA = YES;
				CLANG_WARN_CONSTANT_CONVERSION = YES;
				CLANG_WARN_DEPRECATED_OBJC_IMPLEMENTATIONS = YES;
				CLANG_WARN_DIRECT_OBJC_ISA_USAGE = YES_ERROR;
				CLANG_WARN_DOCUMENTATION_COMMENTS = YES;
				CLANG_WARN_EMPTY_BODY = YES;
				CLANG_WARN_ENUM_CONVERSION = YES;
				CLANG_WARN_INFINITE_RECURSION = YES;
				CLANG_WARN_INT_CONVERSION = YES;
				CLANG_WARN_NON_LITERAL_NULL_CONVERSION = YES;
				CLANG_WARN_OBJC_IMPLICIT_RETAIN_SELF = YES;
				CLANG_WARN_OBJC_LITERAL_CONVERSION = YES;
				CLANG_WARN_OBJC_ROOT_CLASS = YES_ERROR;
				CLANG_WARN_QUOTED_INCLUDE_IN_FRAMEWORK_HEADER = YES;
				CLANG_WARN_RANGE_LOOP_ANALYSIS = YES;
				CLANG_WARN_STRICT_PROTOTYPES = YES;
				CLANG_WARN_SUSPICIOUS_MOVE = YES;
				CLANG_WARN_UNGUARDED_AVAILABILITY = YES_AGGRESSIVE;
				CLANG_WARN_UNREACHABLE_CODE = YES;
				CLANG_WARN__DUPLICATE_METHOD_MATCH = YES;
				COPY_PHASE_STRIP = NO;
				DEBUG_INFORMATION_FORMAT = "dwarf-with-dsym";
				ENABLE_NS_ASSERTIONS = NO;
				ENABLE_STRICT_OBJC_MSGSEND = YES;
				GCC_C_LANGUAGE_STANDARD = gnu11;
				GCC_NO_COMMON_BLOCKS = YES;
				GCC_WARN_64_TO_32_BIT_CONVERSION = YES;
				GCC_WARN_ABOUT_RETURN_TYPE = YES_ERROR;
				GCC_WARN_UNDECLARED_SELECTOR = YES;
				GCC_WARN_UNINITIALIZED_AUTOS = YES_AGGRESSIVE;
				GCC_WARN_UNUSED_FUNCTION = YES;
				GCC_WARN_UNUSED_VARIABLE = YES;
				IPHONEOS_DEPLOYMENT_TARGET = 16.2;
				MTL_ENABLE_DEBUG_INFO = NO;
				MTL_FAST_MATH = YES;
				SDKROOT = iphoneos;
				SWIFT_COMPILATION_MODE = wholemodule;
				SWIFT_OPTIMIZATION_LEVEL = "-O";
				VALIDATE_PRODUCT = YES;
			};
			name = Release;
		};
		EAF7BE60299C225700A9F9C1 /* Debug */ = {
			isa = XCBuildConfiguration;
			buildSettings = {
				ASSETCATALOG_COMPILER_APPICON_NAME = AppIcon;
				ASSETCATALOG_COMPILER_GLOBAL_ACCENT_COLOR_NAME = AccentColor;
				CODE_SIGN_STYLE = Automatic;
				CURRENT_PROJECT_VERSION = 1;
				DEVELOPMENT_TEAM = 2JM7W65QBL;
				GENERATE_INFOPLIST_FILE = YES;
				INFOPLIST_FILE = CombineNetworkingLayer/Info.plist;
				INFOPLIST_KEY_UIApplicationSupportsIndirectInputEvents = YES;
				INFOPLIST_KEY_UILaunchStoryboardName = LaunchScreen;
				INFOPLIST_KEY_UIMainStoryboardFile = Main;
				INFOPLIST_KEY_UISupportedInterfaceOrientations_iPad = "UIInterfaceOrientationPortrait UIInterfaceOrientationPortraitUpsideDown UIInterfaceOrientationLandscapeLeft UIInterfaceOrientationLandscapeRight";
				INFOPLIST_KEY_UISupportedInterfaceOrientations_iPhone = "UIInterfaceOrientationPortrait UIInterfaceOrientationLandscapeLeft UIInterfaceOrientationLandscapeRight";
				LD_RUNPATH_SEARCH_PATHS = (
					"$(inherited)",
					"@executable_path/Frameworks",
				);
				MARKETING_VERSION = 1.0;
				PRODUCT_BUNDLE_IDENTIFIER = com.CombineNetworkingLayer;
				PRODUCT_NAME = "$(TARGET_NAME)";
				SWIFT_EMIT_LOC_STRINGS = YES;
				SWIFT_VERSION = 5.0;
				TARGETED_DEVICE_FAMILY = "1,2";
			};
			name = Debug;
		};
		EAF7BE61299C225700A9F9C1 /* Release */ = {
			isa = XCBuildConfiguration;
			buildSettings = {
				ASSETCATALOG_COMPILER_APPICON_NAME = AppIcon;
				ASSETCATALOG_COMPILER_GLOBAL_ACCENT_COLOR_NAME = AccentColor;
				CODE_SIGN_STYLE = Automatic;
				CURRENT_PROJECT_VERSION = 1;
				DEVELOPMENT_TEAM = 2JM7W65QBL;
				GENERATE_INFOPLIST_FILE = YES;
				INFOPLIST_FILE = CombineNetworkingLayer/Info.plist;
				INFOPLIST_KEY_UIApplicationSupportsIndirectInputEvents = YES;
				INFOPLIST_KEY_UILaunchStoryboardName = LaunchScreen;
				INFOPLIST_KEY_UIMainStoryboardFile = Main;
				INFOPLIST_KEY_UISupportedInterfaceOrientations_iPad = "UIInterfaceOrientationPortrait UIInterfaceOrientationPortraitUpsideDown UIInterfaceOrientationLandscapeLeft UIInterfaceOrientationLandscapeRight";
				INFOPLIST_KEY_UISupportedInterfaceOrientations_iPhone = "UIInterfaceOrientationPortrait UIInterfaceOrientationLandscapeLeft UIInterfaceOrientationLandscapeRight";
				LD_RUNPATH_SEARCH_PATHS = (
					"$(inherited)",
					"@executable_path/Frameworks",
				);
				MARKETING_VERSION = 1.0;
				PRODUCT_BUNDLE_IDENTIFIER = com.CombineNetworkingLayer;
				PRODUCT_NAME = "$(TARGET_NAME)";
				SWIFT_EMIT_LOC_STRINGS = YES;
				SWIFT_VERSION = 5.0;
				TARGETED_DEVICE_FAMILY = "1,2";
			};
			name = Release;
		};
/* End XCBuildConfiguration section */

/* Begin XCConfigurationList section */
		EAF7BE46299C225500A9F9C1 /* Build configuration list for PBXProject "CombineNetworkingLayer" */ = {
			isa = XCConfigurationList;
			buildConfigurations = (
				EAF7BE5D299C225700A9F9C1 /* Debug */,
				EAF7BE5E299C225700A9F9C1 /* Release */,
			);
			defaultConfigurationIsVisible = 0;
			defaultConfigurationName = Release;
		};
		EAF7BE5F299C225700A9F9C1 /* Build configuration list for PBXNativeTarget "CombineNetworkingLayer" */ = {
			isa = XCConfigurationList;
			buildConfigurations = (
				EAF7BE60299C225700A9F9C1 /* Debug */,
				EAF7BE61299C225700A9F9C1 /* Release */,
			);
			defaultConfigurationIsVisible = 0;
			defaultConfigurationName = Release;
		};
/* End XCConfigurationList section */

/* Begin XCRemoteSwiftPackageReference section */
		EAF7BE7A299C23AF00A9F9C1 /* XCRemoteSwiftPackageReference "CombineDataSources" */ = {
			isa = XCRemoteSwiftPackageReference;
			repositoryURL = "https://github.com/CombineCommunity/CombineDataSources";
			requirement = {
				branch = master;
				kind = branch;
			};
		};
		EAF7BE7F299C263200A9F9C1 /* XCRemoteSwiftPackageReference "Alamofire" */ = {
			isa = XCRemoteSwiftPackageReference;
			repositoryURL = "https://github.com/Alamofire/Alamofire";
			requirement = {
				kind = upToNextMajorVersion;
				minimumVersion = 5.0.0;
			};
		};
/* End XCRemoteSwiftPackageReference section */

/* Begin XCSwiftPackageProductDependency section */
		EAF7BE7B299C23AF00A9F9C1 /* CombineDataSources */ = {
			isa = XCSwiftPackageProductDependency;
			package = EAF7BE7A299C23AF00A9F9C1 /* XCRemoteSwiftPackageReference "CombineDataSources" */;
			productName = CombineDataSources;
		};
		EAF7BE80299C263200A9F9C1 /* Alamofire */ = {
			isa = XCSwiftPackageProductDependency;
			package = EAF7BE7F299C263200A9F9C1 /* XCRemoteSwiftPackageReference "Alamofire" */;
			productName = Alamofire;
		};
/* End XCSwiftPackageProductDependency section */
	};
	rootObject = EAF7BE43299C225500A9F9C1 /* Project object */;
}
